
Microsoft Visual Studio Solution File, Format Version 12.00
# Visual Studio Version 16
VisualStudioVersion = 16.0.30907.101
MinimumVisualStudioVersion = 10.0.40219.1
Project("{9A19103F-16F7-4668-BE54-9A1E7A4F7556}") = "ExpressionTreeQueryBuilder", "ExpressionTreeQueryBuilder\ExpressionTreeQueryBuilder.csproj", "{F6BE9710-1DC6-41C1-997D-A784B06CCCBB}"
EndProject
Project("{FAE04EC0-301F-11D3-BF4B-00C04F79EFBC}") = "ExpressionTreeQueryBuilderTest", "ExpressionTreeQueryBuilderTest\ExpressionTreeQueryBuilderTest.csproj", "{557D78EA-9FFD-4481-9AB7-7C4F9891B822}"
EndProject
Global
	GlobalSection(SolutionConfigurationPlatforms) = preSolution
		Debug|Any CPU = Debug|Any CPU
		Release|Any CPU = Release|Any CPU
	EndGlobalSection
	GlobalSection(ProjectConfigurationPlatforms) = postSolution
		{F6BE9710-1DC6-41C1-997D-A784B06CCCBB}.Debug|Any CPU.ActiveCfg = Debug|Any CPU
		{F6BE9710-1DC6-41C1-997D-A784B06CCCBB}.Debug|Any CPU.Build.0 = Debug|Any CPU
		{F6BE9710-1DC6-41C1-997D-A784B06CCCBB}.Release|Any CPU.ActiveCfg = Release|Any CPU
		{F6BE9710-1DC6-41C1-997D-A784B06CCCBB}.Release|Any CPU.Build.0 = Release|Any CPU
		{557D78EA-9FFD-4481-9AB7-7C4F9891B822}.Debug|Any CPU.ActiveCfg = Debug|Any CPU
		{557D78EA-9FFD-4481-9AB7-7C4F9891B822}.Debug|Any CPU.Build.0 = Debug|Any CPU
		{557D78EA-9FFD-4481-9AB7-7C4F9891B822}.Release|Any CPU.ActiveCfg = Release|Any CPU
		{557D78EA-9FFD-4481-9AB7-7C4F9891B822}.Release|Any CPU.Build.0 = Release|Any CPU
	EndGlobalSection
	GlobalSection(SolutionProperties) = preSolution
		HideSolutionNode = FALSE
	EndGlobalSection
	GlobalSection(ExtensibilityGlobals) = postSolution
		SolutionGuid = {BD210A4F-21E1-4C4F-8769-C2596DFA1F0E}
	EndGlobalSection
EndGlobal
